<?xml version="1.0" encoding="utf-8"?>
<Project ToolsVersion="4.0" xmlns="http://schemas.microsoft.com/developer/msbuild/2003">
  <ItemGroup>
    <Filter Include="Source Files">
      <UniqueIdentifier>{4FC737F1-C7A5-4376-A066-2A32D752A2FF}</UniqueIdentifier>
      <Extensions>cpp;c;cc;cxx;def;odl;idl;hpj;bat;asm;asmx</Extensions>
    </Filter>
    <Filter Include="Header Files">
      <UniqueIdentifier>{93995380-89BD-4b04-88EB-625FBE52EBFB}</UniqueIdentifier>
      <Extensions>h;hh;hpp;hxx;hm;inl;inc;xsd</Extensions>
    </Filter>
    <Filter Include="Resource Files">
      <UniqueIdentifier>{67DA6AB6-F800-4c08-8B7A-83BB121AAD01}</UniqueIdentifier>
      <Extensions>rc;ico;cur;bmp;dlg;rc2;rct;bin;rgs;gif;jpg;jpeg;jpe;resx;tiff;tif;png;wav;mfcribbon-ms</Extensions>
    </Filter>
    <Filter Include="Helper Files">
      <UniqueIdentifier>{662eee0d-65eb-46a2-8ef6-887d758c011b}</UniqueIdentifier>
    </Filter>
    <Filter Include="Animation">
      <UniqueIdentifier>{f3bfb936-dd3f-4eac-801c-1c45f6f1afd6}</UniqueIdentifier>
    </Filter>
    <Filter Include="Animation\Headers">
      <UniqueIdentifier>{8628c0b0-8fbb-4546-9dba-eac2d8676dfc}</UniqueIdentifier>
    </Filter>
    <Filter Include="Animation\Sources">
      <UniqueIdentifier>{d8ca21bc-7ffb-4efa-978f-fc505d8f2c0e}</UniqueIdentifier>
    </Filter>
    <Filter Include="Camera">
      <UniqueIdentifier>{d1c4f6bf-f934-4cc3-9c38-ae13727c451c}</UniqueIdentifier>
    </Filter>
    <Filter Include="Shaders">
      <UniqueIdentifier>{3d02d2bb-cb09-4210-8e12-ab0d033a54b7}</UniqueIdentifier>
    </Filter>
    <Filter Include="Shaders\VertexShaders">
      <UniqueIdentifier>{06a43533-6adb-4558-b4e8-dcbfbf8164a7}</UniqueIdentifier>
    </Filter>
    <Filter Include="Shaders\PixelShaders">
      <UniqueIdentifier>{dc8790f5-6ce2-4e1c-90e7-1287cdbe0749}</UniqueIdentifier>
    </Filter>
    <Filter Include="Shaders\GeometryShaders">
      <UniqueIdentifier>{712bd418-1036-4ff6-9cbf-c674d27282ce}</UniqueIdentifier>
    </Filter>
    <Filter Include="Shaders\Headers">
      <UniqueIdentifier>{1fef7ea4-a435-45ee-978e-48c5c16b9d33}</UniqueIdentifier>
    </Filter>
  </ItemGroup>
  <ItemGroup>
    <ClCompile Include="main.cpp">
      <Filter>Source Files</Filter>
    </ClCompile>
    <ClCompile Include="Light.cpp">
      <Filter>Source Files</Filter>
    </ClCompile>
    <ClCompile Include="Model.cpp">
      <Filter>Source Files</Filter>
    </ClCompile>
    <ClCompile Include="PolyShader.cpp">
      <Filter>Source Files</Filter>
    </ClCompile>
    <ClCompile Include="Renderer.cpp">
      <Filter>Source Files</Filter>
    </ClCompile>
    <ClCompile Include="Mesh.cpp">
      <Filter>Source Files</Filter>
    </ClCompile>
    <ClCompile Include="ResourceManager.cpp">
      <Filter>Source Files</Filter>
    </ClCompile>
    <ClCompile Include="DeviceResources.cpp">
      <Filter>Source Files</Filter>
    </ClCompile>
    <ClCompile Include="Animation.cpp">
      <Filter>Animation\Sources</Filter>
    </ClCompile>
    <ClCompile Include="AnimationSet.cpp">
      <Filter>Animation\Sources</Filter>
    </ClCompile>
    <ClCompile Include="BindPose.cpp">
      <Filter>Animation\Sources</Filter>
    </ClCompile>
    <ClCompile Include="Blender.cpp">
      <Filter>Animation\Sources</Filter>
    </ClCompile>
    <ClCompile Include="Interpolator.cpp">
      <Filter>Animation\Sources</Filter>
    </ClCompile>
    <ClCompile Include="Cameraclass.cpp">
      <Filter>Camera</Filter>
    </ClCompile>
    <ClCompile Include="Camera.cpp">
      <Filter>Source Files</Filter>
    </ClCompile>
    <ClCompile Include="Input.cpp">
      <Filter>Source Files</Filter>
    </ClCompile>
    <ClCompile Include="DDSTextureLoader.cpp">
      <Filter>Source Files</Filter>
    </ClCompile>
  </ItemGroup>
  <ItemGroup>
    <ClInclude Include="Light.h">
      <Filter>Header Files</Filter>
    </ClInclude>
    <ClInclude Include="Model.h">
      <Filter>Header Files</Filter>
    </ClInclude>
    <ClInclude Include="PolyShader.h">
      <Filter>Header Files</Filter>
    </ClInclude>
    <ClInclude Include="Renderer.h">
      <Filter>Header Files</Filter>
    </ClInclude>
    <ClInclude Include="Mesh.h">
      <Filter>Header Files</Filter>
    </ClInclude>
    <ClInclude Include="ResourceManager.h">
      <Filter>Header Files</Filter>
    </ClInclude>
    <ClInclude Include="DeviceResources.h">
      <Filter>Header Files</Filter>
    </ClInclude>
    <ClInclude Include="PossibleUsefulFuncs.h">
      <Filter>Helper Files</Filter>
    </ClInclude>
    <ClInclude Include="Animation.h">
      <Filter>Animation\Headers</Filter>
    </ClInclude>
    <ClInclude Include="AnimationSet.h">
      <Filter>Animation\Headers</Filter>
    </ClInclude>
    <ClInclude Include="BindPose.h">
      <Filter>Animation\Headers</Filter>
    </ClInclude>
    <ClInclude Include="Blender.h">
      <Filter>Animation\Headers</Filter>
    </ClInclude>
    <ClInclude Include="Interpolator.h">
      <Filter>Animation\Headers</Filter>
    </ClInclude>
    <ClInclude Include="Cameraclass.h">
      <Filter>Camera</Filter>
    </ClInclude>
    <ClInclude Include="KeyFrames.h">
      <Filter>Header Files</Filter>
    </ClInclude>
    <ClInclude Include="Bone.h">
      <Filter>Header Files</Filter>
    </ClInclude>
    <ClInclude Include="StructsEnumsDefines.h">
      <Filter>Header Files</Filter>
    </ClInclude>
    <ClInclude Include="Camera.h">
      <Filter>Header Files</Filter>
    </ClInclude>
    <ClInclude Include="Input.h">
      <Filter>Header Files</Filter>
    </ClInclude>
    <ClInclude Include="DDSTextureLoader.h">
      <Filter>Header Files</Filter>
    </ClInclude>
    <ClInclude Include="pch.h">
      <Filter>Header Files</Filter>
    </ClInclude>
  </ItemGroup>
  <ItemGroup>
    <FxCompile Include="VertexShaderNorms.hlsl">
      <Filter>Helper Files</Filter>
    </FxCompile>
    <FxCompile Include="SkyboxPixelShader.hlsl">
      <Filter>Shaders\PixelShaders</Filter>
    </FxCompile>
    <FxCompile Include="SkinningShader.hlsl">
      <Filter>Shaders\VertexShaders</Filter>
    </FxCompile>
  </ItemGroup>
  <ItemGroup>
    <FxCompile Include="PixelShader.hlsl">
      <Filter>Shaders\PixelShaders</Filter>
    </FxCompile>
    <FxCompile Include="VertexShader.hlsl">
      <Filter>Shaders\VertexShaders</Filter>
    </FxCompile>
    <FxCompile Include="GeometryShader.hlsl">
      <Filter>Shaders\GeometryShaders</Filter>
    </FxCompile>
  </ItemGroup>
  <ItemGroup>
    <None Include="LightCalc.hlsli">
      <Filter>Shaders\Headers</Filter>
    </None>
  </ItemGroup>
</Project>